github.com/BurntSushi/toml v0.3.1 h1:WXkYYl6Yr3qBf1K79EBnL4mak0OimBfB0XUf9Vl28OQ=
github.com/BurntSushi/toml v0.3.1/go.mod h1:xHWCNGjB5oqiDr8zfno3MHue2Ht5sIBksp03qcyfWMU=
github.com/jessevdk/go-flags v1.4.0 h1:4IU2WS7AumrZ/40jfhf4QVDMsQwqA7VEHozFRrGARJA=
github.com/jessevdk/go-flags v1.4.0/go.mod h1:4FA24M0QyGHXBuZZK/XkWh8h0e1EYbRYJSGM75WSRxI=
github.com/monochromegane/conflag v0.0.0-20151130130520-6d68c9aa4183 h1:qiYr4zwNwHMPoaW4TF+h0ceJz5yKh4M4TSn9oXp8wpk=
github.com/monochromegane/conflag v0.0.0-20151130130520-6d68c9aa4183/go.mod h1:f2UvyfKK/li28p14QMUetMUN5wkePmmqIJjCKS+P5XA=
github.com/monochromegane/go-gitignore v0.0.0-20200626010858-205db1a8cc00 h1:n6/2gBQ3RWajuToeY6ZtZTIKv2v7ThUy5KKusIT0yc0=
github.com/monochromegane/go-gitignore v0.0.0-20200626010858-205db1a8cc00/go.mod h1:Pm3mSP3c5uWn86xMLZ5Sa7JB9GsEZySvHYXCTK4E9q4=
github.com/monochromegane/go-home v0.0.0-20151024104835-25d9dda59392 h1:i6k/bWUvcuw4Vw1/blRyF8dxN0RzVxaW3HbJTrxxwoc=
github.com/monochromegane/go-home v0.0.0-20151024104835-25d9dda59392/go.mod h1:42nFNO3S4k1xLW0O+npAiSU9mCRArKFq3Pt8sBSllLc=
github.com/monochromegane/terminal v0.0.0-20161222050454-9bc47e2707d9 h1:YhsMshmD0JlqM4ss3JBY6Ul4QLigGvBtShFYHkb3JGg=
github.com/monochromegane/terminal v0.0.0-20161222050454-9bc47e2707d9/go.mod h1:9N3QHEQ4Ov/dAnHmOIJ8ffm8O1iQfCPfso+PpakXPsY=
github.com/monochromegane/the_platinum_searcher v1.7.9 h1:CuS0dylSUUK9JebYwNmFljn3GZfiCKfCYSCbII58X7s=
github.com/monochromegane/the_platinum_searcher v2.2.0+incompatible h1:RTHCwSBWO1IPrc496kom3BZopA02hQldVcTMpX9IrPk=
github.com/monochromegane/the_platinum_searcher v2.2.0+incompatible/go.mod h1:s6t3JAL9EiWWSsg+0e43UUI7rpDGYiGkR+Rq3BvOofo=
github.com/shiena/ansicolor v0.0.0-20200904210342-c7312218db18 h1:DAYUYH5869yV94zvCES9F51oYtN5oGlwjxJJz7ZCnik=
github.com/shiena/ansicolor v0.0.0-20200904210342-c7312218db18/go.mod h1:nkxAfR/5quYxwPZhyDxgasBMnRtBZd0FCEpawpjMUFg=
golang.org/x/text v0.3.5 h1:i6eZZ+zk0SOf0xgBpEpPD18qWcJda6q1sxt3S0kzyUQ=
golang.org/x/text v0.3.5/go.mod h1:5Zoc/QRtKVWzQhOtBMvqHzDpF6irO9z98xDceosuGiQ=
golang.org/x/tools v0.0.0-20180917221912-90fa682c2a6e/go.mod h1:n7NCudcB/nEzxVGmLbDWY5pfWTLqBcC2KZ6jyYvM4mQ=
gopkg.in/check.v1 v0.0.0-20161208181325-20d25e280405/go.mod h1:Co6ibVJAznAaIkqp8huTwlJQCZ016jof/cbN4VW5Yz0=
gopkg.in/yaml.v2 v2.4.0 h1:D8xgwECY7CYvx+Y2n4sBz93Jn9JRvxdiyyo8CTfuKaY=
gopkg.in/yaml.v2 v2.4.0/go.mod h1:RDklbk79AGWmwhnvt/jBztapEOGDOx6ZbXqjP6csGnQ=
